// !$*UTF8*$!
{
	archiveVersion = 1;
	classes = {
	};
	objectVersion = 50;
	objects = {

/* Begin PBXBuildFile section */
		DB8372D123A7824600A65890 /* AppDelegate.swift in Sources */ = {isa = PBXBuildFile; fileRef = DB8372D023A7824600A65890 /* AppDelegate.swift */; };
		DB8372D323A7824600A65890 /* SceneDelegate.swift in Sources */ = {isa = PBXBuildFile; fileRef = DB8372D223A7824600A65890 /* SceneDelegate.swift */; };
		DB8372D523A7824600A65890 /* ContentView.swift in Sources */ = {isa = PBXBuildFile; fileRef = DB8372D423A7824600A65890 /* ContentView.swift */; };
		DB8372D723A7824800A65890 /* Assets.xcassets in Resources */ = {isa = PBXBuildFile; fileRef = DB8372D623A7824800A65890 /* Assets.xcassets */; };
		DB8372DA23A7824800A65890 /* Preview Assets.xcassets in Resources */ = {isa = PBXBuildFile; fileRef = DB8372D923A7824800A65890 /* Preview Assets.xcassets */; };
		DB8372DD23A7824800A65890 /* LaunchScreen.storyboard in Resources */ = {isa = PBXBuildFile; fileRef = DB8372DB23A7824800A65890 /* LaunchScreen.storyboard */; };
		DB8372E823A7824800A65890 /* test_notificationTests.swift in Sources */ = {isa = PBXBuildFile; fileRef = DB8372E723A7824800A65890 /* test_notificationTests.swift */; };
		DB8372F323A7824800A65890 /* test_notificationUITests.swift in Sources */ = {isa = PBXBuildFile; fileRef = DB8372F223A7824800A65890 /* test_notificationUITests.swift */; };
/* End PBXBuildFile section */

/* Begin PBXContainerItemProxy section */
		DB8372E423A7824800A65890 /* PBXContainerItemProxy */ = {
			isa = PBXContainerItemProxy;
			containerPortal = DB8372C523A7824600A65890 /* Project object */;
			proxyType = 1;
			remoteGlobalIDString = DB8372CC23A7824600A65890;
			remoteInfo = test_notification;
		};
		DB8372EF23A7824800A65890 /* PBXContainerItemProxy */ = {
			isa = PBXContainerItemProxy;
			containerPortal = DB8372C523A7824600A65890 /* Project object */;
			proxyType = 1;
			remoteGlobalIDString = DB8372CC23A7824600A65890;
			remoteInfo = test_notification;
		};
/* End PBXContainerItemProxy section */

/* Begin PBXFileReference section */
		DB8372CD23A7824600A65890 /* test_notification.app */ = {isa = PBXFileReference; explicitFileType = wrapper.application; includeInIndex = 0; path = test_notification.app; sourceTree = BUILT_PRODUCTS_DIR; };
		DB8372D023A7824600A65890 /* AppDelegate.swift */ = {isa = PBXFileReference; lastKnownFileType = sourcecode.swift; path = AppDelegate.swift; sourceTree = "<group>"; };
		DB8372D223A7824600A65890 /* SceneDelegate.swift */ = {isa = PBXFileReference; lastKnownFileType = sourcecode.swift; path = SceneDelegate.swift; sourceTree = "<group>"; };
		DB8372D423A7824600A65890 /* ContentView.swift */ = {isa = PBXFileReference; lastKnownFileType = sourcecode.swift; path = ContentView.swift; sourceTree = "<group>"; };
		DB8372D623A7824800A65890 /* Assets.xcassets */ = {isa = PBXFileReference; lastKnownFileType = folder.assetcatalog; path = Assets.xcassets; sourceTree = "<group>"; };
		DB8372D923A7824800A65890 /* Preview Assets.xcassets */ = {isa = PBXFileReference; lastKnownFileType = folder.assetcatalog; path = "Preview Assets.xcassets"; sourceTree = "<group>"; };
		DB8372DC23A7824800A65890 /* Base */ = {isa = PBXFileReference; lastKnownFileType = file.storyboard; name = Base; path = Base.lproj/LaunchScreen.storyboard; sourceTree = "<group>"; };
		DB8372DE23A7824800A65890 /* Info.plist */ = {isa = PBXFileReference; lastKnownFileType = text.plist.xml; path = Info.plist; sourceTree = "<group>"; };
		DB8372E323A7824800A65890 /* test_notificationTests.xctest */ = {isa = PBXFileReference; explicitFileType = wrapper.cfbundle; includeInIndex = 0; path = test_notificationTests.xctest; sourceTree = BUILT_PRODUCTS_DIR; };
		DB8372E723A7824800A65890 /* test_notificationTests.swift */ = {isa = PBXFileReference; lastKnownFileType = sourcecode.swift; path = test_notificationTests.swift; sourceTree = "<group>"; };
		DB8372E923A7824800A65890 /* Info.plist */ = {isa = PBXFileReference; lastKnownFileType = text.plist.xml; path = Info.plist; sourceTree = "<group>"; };
		DB8372EE23A7824800A65890 /* test_notificationUITests.xctest */ = {isa = PBXFileReference; explicitFileType = wrapper.cfbundle; includeInIndex = 0; path = test_notificationUITests.xctest; sourceTree = BUILT_PRODUCTS_DIR; };
		DB8372F223A7824800A65890 /* test_notificationUITests.swift */ = {isa = PBXFileReference; lastKnownFileType = sourcecode.swift; path = test_notificationUITests.swift; sourceTree = "<group>"; };
		DB8372F423A7824800A65890 /* Info.plist */ = {isa = PBXFileReference; lastKnownFileType = text.plist.xml; path = Info.plist; sourceTree = "<group>"; };
/* End PBXFileReference section */

/* Begin PBXFrameworksBuildPhase section */
		DB8372CA23A7824600A65890 /* Frameworks */ = {
			isa = PBXFrameworksBuildPhase;
			buildActionMask = 2147483647;
			files = (
			);
			runOnlyForDeploymentPostprocessing = 0;
		};
		DB8372E023A7824800A65890 /* Frameworks */ = {
			isa = PBXFrameworksBuildPhase;
			buildActionMask = 2147483647;
			files = (
			);
			runOnlyForDeploymentPostprocessing = 0;
		};
		DB8372EB23A7824800A65890 /* Frameworks */ = {
			isa = PBXFrameworksBuildPhase;
			buildActionMask = 2147483647;
			files = (
			);
			runOnlyForDeploymentPostprocessing = 0;
		};
/* End PBXFrameworksBuildPhase section */

/* Begin PBXGroup section */
		DB8372C423A7824600A65890 = {
			isa = PBXGroup;
			children = (
				DB8372CF23A7824600A65890 /* test_notification */,
				DB8372E623A7824800A65890 /* test_notificationTests */,
				DB8372F123A7824800A65890 /* test_notificationUITests */,
				DB8372CE23A7824600A65890 /* Products */,
			);
			sourceTree = "<group>";
		};
		DB8372CE23A7824600A65890 /* Products */ = {
			isa = PBXGroup;
			children = (
				DB8372CD23A7824600A65890 /* test_notification.app */,
				DB8372E323A7824800A65890 /* test_notificationTests.xctest */,
				DB8372EE23A7824800A65890 /* test_notificationUITests.xctest */,
			);
			name = Products;
			sourceTree = "<group>";
		};
		DB8372CF23A7824600A65890 /* test_notification */ = {
			isa = PBXGroup;
			children = (
				DB8372D023A7824600A65890 /* AppDelegate.swift */,
				DB8372D223A7824600A65890 /* SceneDelegate.swift */,
				DB8372D423A7824600A65890 /* ContentView.swift */,
				DB8372D623A7824800A65890 /* Assets.xcassets */,
				DB8372DB23A7824800A65890 /* LaunchScreen.storyboard */,
				DB8372DE23A7824800A65890 /* Info.plist */,
				DB8372D823A7824800A65890 /* Preview Content */,
			);
			path = test_notification;
			sourceTree = "<group>";
		};
		DB8372D823A7824800A65890 /* Preview Content */ = {
			isa = PBXGroup;
			children = (
				DB8372D923A7824800A65890 /* Preview Assets.xcassets */,
			);
			path = "Preview Content";
			sourceTree = "<group>";
		};
		DB8372E623A7824800A65890 /* test_notificationTests */ = {
			isa = PBXGroup;
			children = (
				DB8372E723A7824800A65890 /* test_notificationTests.swift */,
				DB8372E923A7824800A65890 /* Info.plist */,
			);
			path = test_notificationTests;
			sourceTree = "<group>";
		};
		DB8372F123A7824800A65890 /* test_notificationUITests */ = {
			isa = PBXGroup;
			children = (
				DB8372F223A7824800A65890 /* test_notificationUITests.swift */,
				DB8372F423A7824800A65890 /* Info.plist */,
			);
			path = test_notificationUITests;
			sourceTree = "<group>";
		};
/* End PBXGroup section */

/* Begin PBXNativeTarget section */
		DB8372CC23A7824600A65890 /* test_notification */ = {
			isa = PBXNativeTarget;
			buildConfigurationList = DB8372F723A7824800A65890 /* Build configuration list for PBXNativeTarget "test_notification" */;
			buildPhases = (
				DB8372C923A7824600A65890 /* Sources */,
				DB8372CA23A7824600A65890 /* Frameworks */,
				DB8372CB23A7824600A65890 /* Resources */,
			);
			buildRules = (
			);
			dependencies = (
			);
			name = test_notification;
			productName = test_notification;
			productReference = DB8372CD23A7824600A65890 /* test_notification.app */;
			productType = "com.apple.product-type.application";
		};
		DB8372E223A7824800A65890 /* test_notificationTests */ = {
			isa = PBXNativeTarget;
			buildConfigurationList = DB8372FA23A7824800A65890 /* Build configuration list for PBXNativeTarget "test_notificationTests" */;
			buildPhases = (
				DB8372DF23A7824800A65890 /* Sources */,
				DB8372E023A7824800A65890 /* Frameworks */,
				DB8372E123A7824800A65890 /* Resources */,
			);
			buildRules = (
			);
			dependencies = (
				DB8372E523A7824800A65890 /* PBXTargetDependency */,
			);
			name = test_notificationTests;
			productName = test_notificationTests;
			productReference = DB8372E323A7824800A65890 /* test_notificationTests.xctest */;
			productType = "com.apple.product-type.bundle.unit-test";
		};
		DB8372ED23A7824800A65890 /* test_notificationUITests */ = {
			isa = PBXNativeTarget;
			buildConfigurationList = DB8372FD23A7824800A65890 /* Build configuration list for PBXNativeTarget "test_notificationUITests" */;
			buildPhases = (
				DB8372EA23A7824800A65890 /* Sources */,
				DB8372EB23A7824800A65890 /* Frameworks */,
				DB8372EC23A7824800A65890 /* Resources */,
			);
			buildRules = (
			);
			dependencies = (
				DB8372F023A7824800A65890 /* PBXTargetDependency */,
			);
			name = test_notificationUITests;
			productName = test_notificationUITests;
			productReference = DB8372EE23A7824800A65890 /* test_notificationUITests.xctest */;
			productType = "com.apple.product-type.bundle.ui-testing";
		};
/* End PBXNativeTarget section */

/* Begin PBXProject section */
		DB8372C523A7824600A65890 /* Project object */ = {
			isa = PBXProject;
			attributes = {
				LastSwiftUpdateCheck = 1130;
				LastUpgradeCheck = 1130;
				ORGANIZATIONNAME = "Alexander Orlov";
				TargetAttributes = {
					DB8372CC23A7824600A65890 = {
						CreatedOnToolsVersion = 11.3;
					};
					DB8372E223A7824800A65890 = {
						CreatedOnToolsVersion = 11.3;
						TestTargetID = DB8372CC23A7824600A65890;
					};
					DB8372ED23A7824800A65890 = {
						CreatedOnToolsVersion = 11.3;
						TestTargetID = DB8372CC23A7824600A65890;
					};
				};
			};
			buildConfigurationList = DB8372C823A7824600A65890 /* Build configuration list for PBXProject "test_notification" */;
			compatibilityVersion = "Xcode 9.3";
			developmentRegion = en;
			hasScannedForEncodings = 0;
			knownRegions = (
				en,
				Base,
			);
			mainGroup = DB8372C423A7824600A65890;
			productRefGroup = DB8372CE23A7824600A65890 /* Products */;
			projectDirPath = "";
			projectRoot = "";
			targets = (
				DB8372CC23A7824600A65890 /* test_notification */,
				DB8372E223A7824800A65890 /* test_notificationTests */,
				DB8372ED23A7824800A65890 /* test_notificationUITests */,
			);
		};
/* End PBXProject section */

/* Begin PBXResourcesBuildPhase section */
		DB8372CB23A7824600A65890 /* Resources */ = {
			isa = PBXResourcesBuildPhase;
			buildActionMask = 2147483647;
			files = (
				DB8372DD23A7824800A65890 /* LaunchScreen.storyboard in Resources */,
				DB8372DA23A7824800A65890 /* Preview Assets.xcassets in Resources */,
				DB8372D723A7824800A65890 /* Assets.xcassets in Resources */,
			);
			runOnlyForDeploymentPostprocessing = 0;
		};
		DB8372E123A7824800A65890 /* Resources */ = {
			isa = PBXResourcesBuildPhase;
			buildActionMask = 2147483647;
			files = (
			);
			runOnlyForDeploymentPostprocessing = 0;
		};
		DB8372EC23A7824800A65890 /* Resources */ = {
			isa = PBXResourcesBuildPhase;
			buildActionMask = 2147483647;
			files = (
			);
			runOnlyForDeploymentPostprocessing = 0;
		};
/* End PBXResourcesBuildPhase section */

/* Begin PBXSourcesBuildPhase section */
		DB8372C923A7824600A65890 /* Sources */ = {
			isa = PBXSourcesBuildPhase;
			buildActionMask = 2147483647;
			files = (
				DB8372D123A7824600A65890 /* AppDelegate.swift in Sources */,
				DB8372D323A7824600A65890 /* SceneDelegate.swift in Sources */,
				DB8372D523A7824600A65890 /* ContentView.swift in Sources */,
			);
			runOnlyForDeploymentPostprocessing = 0;
		};
		DB8372DF23A7824800A65890 /* Sources */ = {
			isa = PBXSourcesBuildPhase;
			buildActionMask = 2147483647;
			files = (
				DB8372E823A7824800A65890 /* test_notificationTests.swift in Sources */,
			);
			runOnlyForDeploymentPostprocessing = 0;
		};
		DB8372EA23A7824800A65890 /* Sources */ = {
			isa = PBXSourcesBuildPhase;
			buildActionMask = 2147483647;
			files = (
				DB8372F323A7824800A65890 /* test_notificationUITests.swift in Sources */,
			);
			runOnlyForDeploymentPostprocessing = 0;
		};
/* End PBXSourcesBuildPhase section */

/* Begin PBXTargetDependency section */
		DB8372E523A7824800A65890 /* PBXTargetDependency */ = {
			isa = PBXTargetDependency;
			target = DB8372CC23A7824600A65890 /* test_notification */;
			targetProxy = DB8372E423A7824800A65890 /* PBXContainerItemProxy */;
		};
		DB8372F023A7824800A65890 /* PBXTargetDependency */ = {
			isa = PBXTargetDependency;
			target = DB8372CC23A7824600A65890 /* test_notification */;
			targetProxy = DB8372EF23A7824800A65890 /* PBXContainerItemProxy */;
		};
/* End PBXTargetDependency section */

/* Begin PBXVariantGroup section */
		DB8372DB23A7824800A65890 /* LaunchScreen.storyboard */ = {
			isa = PBXVariantGroup;
			children = (
				DB8372DC23A7824800A65890 /* Base */,
			);
			name = LaunchScreen.storyboard;
			sourceTree = "<group>";
		};
/* End PBXVariantGroup section */

/* Begin XCBuildConfiguration section */
		DB8372F523A7824800A65890 /* Debug */ = {
			isa = XCBuildConfiguration;
			buildSettings = {
				ALWAYS_SEARCH_USER_PATHS = NO;
				CLANG_ANALYZER_NONNULL = YES;
				CLANG_ANALYZER_NUMBER_OBJECT_CONVERSION = YES_AGGRESSIVE;
				CLANG_CXX_LANGUAGE_STANDARD = "gnu++14";
				CLANG_CXX_LIBRARY = "libc++";
				CLANG_ENABLE_MODULES = YES;
				CLANG_ENABLE_OBJC_ARC = YES;
				CLANG_ENABLE_OBJC_WEAK = YES;
				CLANG_WARN_BLOCK_CAPTURE_AUTORELEASING = YES;
				CLANG_WARN_BOOL_CONVERSION = YES;
				CLANG_WARN_COMMA = YES;
				CLANG_WARN_CONSTANT_CONVERSION = YES;
				CLANG_WARN_DEPRECATED_OBJC_IMPLEMENTATIONS = YES;
				CLANG_WARN_DIRECT_OBJC_ISA_USAGE = YES_ERROR;
				CLANG_WARN_DOCUMENTATION_COMMENTS = YES;
				CLANG_WARN_EMPTY_BODY = YES;
				CLANG_WARN_ENUM_CONVERSION = YES;
				CLANG_WARN_INFINITE_RECURSION = YES;
				CLANG_WARN_INT_CONVERSION = YES;
				CLANG_WARN_NON_LITERAL_NULL_CONVERSION = YES;
				CLANG_WARN_OBJC_IMPLICIT_RETAIN_SELF = YES;
				CLANG_WARN_OBJC_LITERAL_CONVERSION = YES;
				CLANG_WARN_OBJC_ROOT_CLASS = YES_ERROR;
				CLANG_WARN_RANGE_LOOP_ANALYSIS = YES;
				CLANG_WARN_STRICT_PROTOTYPES = YES;
				CLANG_WARN_SUSPICIOUS_MOVE = YES;
				CLANG_WARN_UNGUARDED_AVAILABILITY = YES_AGGRESSIVE;
				CLANG_WARN_UNREACHABLE_CODE = YES;
				CLANG_WARN__DUPLICATE_METHOD_MATCH = YES;
				COPY_PHASE_STRIP = NO;
				DEBUG_INFORMATION_FORMAT = dwarf;
				ENABLE_STRICT_OBJC_MSGSEND = YES;
				ENABLE_TESTABILITY = YES;
				GCC_C_LANGUAGE_STANDARD = gnu11;
				GCC_DYNAMIC_NO_PIC = NO;
				GCC_NO_COMMON_BLOCKS = YES;
				GCC_OPTIMIZATION_LEVEL = 0;
				GCC_PREPROCESSOR_DEFINITIONS = (
					"DEBUG=1",
					"$(inherited)",
				);
				GCC_WARN_64_TO_32_BIT_CONVERSION = YES;
				GCC_WARN_ABOUT_RETURN_TYPE = YES_ERROR;
				GCC_WARN_UNDECLARED_SELECTOR = YES;
				GCC_WARN_UNINITIALIZED_AUTOS = YES_AGGRESSIVE;
				GCC_WARN_UNUSED_FUNCTION = YES;
				GCC_WARN_UNUSED_VARIABLE = YES;
				IPHONEOS_DEPLOYMENT_TARGET = 13.2;
				MTL_ENABLE_DEBUG_INFO = INCLUDE_SOURCE;
				MTL_FAST_MATH = YES;
				ONLY_ACTIVE_ARCH = YES;
				SDKROOT = iphoneos;
				SWIFT_ACTIVE_COMPILATION_CONDITIONS = DEBUG;
				SWIFT_OPTIMIZATION_LEVEL = "-Onone";
			};
			name = Debug;
		};
		DB8372F623A7824800A65890 /* Release */ = {
			isa = XCBuildConfiguration;
			buildSettings = {
				ALWAYS_SEARCH_USER_PATHS = NO;
				CLANG_ANALYZER_NONNULL = YES;
				CLANG_ANALYZER_NUMBER_OBJECT_CONVERSION = YES_AGGRESSIVE;
				CLANG_CXX_LANGUAGE_STANDARD = "gnu++14";
				CLANG_CXX_LIBRARY = "libc++";
				CLANG_ENABLE_MODULES = YES;
				CLANG_ENABLE_OBJC_ARC = YES;
				CLANG_ENABLE_OBJC_WEAK = YES;
				CLANG_WARN_BLOCK_CAPTURE_AUTORELEASING = YES;
				CLANG_WARN_BOOL_CONVERSION = YES;
				CLANG_WARN_COMMA = YES;
				CLANG_WARN_CONSTANT_CONVERSION = YES;
				CLANG_WARN_DEPRECATED_OBJC_IMPLEMENTATIONS = YES;
				CLANG_WARN_DIRECT_OBJC_ISA_USAGE = YES_ERROR;
				CLANG_WARN_DOCUMENTATION_COMMENTS = YES;
				CLANG_WARN_EMPTY_BODY = YES;
				CLANG_WARN_ENUM_CONVERSION = YES;
				CLANG_WARN_INFINITE_RECURSION = YES;
				CLANG_WARN_INT_CONVERSION = YES;
				CLANG_WARN_NON_LITERAL_NULL_CONVERSION = YES;
				CLANG_WARN_OBJC_IMPLICIT_RETAIN_SELF = YES;
				CLANG_WARN_OBJC_LITERAL_CONVERSION = YES;
				CLANG_WARN_OBJC_ROOT_CLASS = YES_ERROR;
				CLANG_WARN_RANGE_LOOP_ANALYSIS = YES;
				CLANG_WARN_STRICT_PROTOTYPES = YES;
				CLANG_WARN_SUSPICIOUS_MOVE = YES;
				CLANG_WARN_UNGUARDED_AVAILABILITY = YES_AGGRESSIVE;
				CLANG_WARN_UNREACHABLE_CODE = YES;
				CLANG_WARN__DUPLICATE_METHOD_MATCH = YES;
				COPY_PHASE_STRIP = NO;
				DEBUG_INFORMATION_FORMAT = "dwarf-with-dsym";
				ENABLE_NS_ASSERTIONS = NO;
				ENABLE_STRICT_OBJC_MSGSEND = YES;
				GCC_C_LANGUAGE_STANDARD = gnu11;
				GCC_NO_COMMON_BLOCKS = YES;
				GCC_WARN_64_TO_32_BIT_CONVERSION = YES;
				GCC_WARN_ABOUT_RETURN_TYPE = YES_ERROR;
				GCC_WARN_UNDECLARED_SELECTOR = YES;
				GCC_WARN_UNINITIALIZED_AUTOS = YES_AGGRESSIVE;
				GCC_WARN_UNUSED_FUNCTION = YES;
				GCC_WARN_UNUSED_VARIABLE = YES;
				IPHONEOS_DEPLOYMENT_TARGET = 13.2;
				MTL_ENABLE_DEBUG_INFO = NO;
				MTL_FAST_MATH = YES;
				SDKROOT = iphoneos;
				SWIFT_COMPILATION_MODE = wholemodule;
				SWIFT_OPTIMIZATION_LEVEL = "-O";
				VALIDATE_PRODUCT = YES;
			};
			name = Release;
		};
		DB8372F823A7824800A65890 /* Debug */ = {
			isa = XCBuildConfiguration;
			buildSettings = {
				ASSETCATALOG_COMPILER_APPICON_NAME = AppIcon;
				CODE_SIGN_STYLE = Automatic;
				DEVELOPMENT_ASSET_PATHS = "\"test_notification/Preview Content\"";
				DEVELOPMENT_TEAM = K6298N65JA;
				ENABLE_PREVIEWS = YES;
				INFOPLIST_FILE = test_notification/Info.plist;
				IPHONEOS_DEPLOYMENT_TARGET = 13.0;
				LD_RUNPATH_SEARCH_PATHS = (
					"$(inherited)",
					"@executable_path/Frameworks",
				);
				PRODUCT_BUNDLE_IDENTIFIER = "test.test-notification";
				PRODUCT_NAME = "$(TARGET_NAME)";
				SWIFT_VERSION = 5.0;
				TARGETED_DEVICE_FAMILY = "1,2";
			};
			name = Debug;
		};
		DB8372F923A7824800A65890 /* Release */ = {
			isa = XCBuildConfiguration;
			buildSettings = {
				ASSETCATALOG_COMPILER_APPICON_NAME = AppIcon;
				CODE_SIGN_STYLE = Automatic;
				DEVELOPMENT_ASSET_PATHS = "\"test_notification/Preview Content\"";
				DEVELOPMENT_TEAM = K6298N65JA;
				ENABLE_PREVIEWS = YES;
				INFOPLIST_FILE = test_notification/Info.plist;
				IPHONEOS_DEPLOYMENT_TARGET = 13.0;
				LD_RUNPATH_SEARCH_PATHS = (
					"$(inherited)",
					"@executable_path/Frameworks",
				);
				PRODUCT_BUNDLE_IDENTIFIER = "test.test-notification";
				PRODUCT_NAME = "$(TARGET_NAME)";
				SWIFT_VERSION = 5.0;
				TARGETED_DEVICE_FAMILY = "1,2";
			};
			name = Release;
		};
		DB8372FB23A7824800A65890 /* Debug */ = {
			isa = XCBuildConfiguration;
			buildSettings = {
				ALWAYS_EMBED_SWIFT_STANDARD_LIBRARIES = YES;
				BUNDLE_LOADER = "$(TEST_HOST)";
				CODE_SIGN_STYLE = Automatic;
				INFOPLIST_FILE = test_notificationTests/Info.plist;
				IPHONEOS_DEPLOYMENT_TARGET = 13.2;
				LD_RUNPATH_SEARCH_PATHS = (
					"$(inherited)",
					"@executable_path/Frameworks",
					"@loader_path/Frameworks",
				);
				PRODUCT_BUNDLE_IDENTIFIER = "test.test-notificationTests";
				PRODUCT_NAME = "$(TARGET_NAME)";
				SWIFT_VERSION = 5.0;
				TARGETED_DEVICE_FAMILY = "1,2";
				TEST_HOST = "$(BUILT_PRODUCTS_DIR)/test_notification.app/test_notification";
			};
			name = Debug;
		};
		DB8372FC23A7824800A65890 /* Release */ = {
			isa = XCBuildConfiguration;
			buildSettings = {
				ALWAYS_EMBED_SWIFT_STANDARD_LIBRARIES = YES;
				BUNDLE_LOADER = "$(TEST_HOST)";
				CODE_SIGN_STYLE = Automatic;
				INFOPLIST_FILE = test_notificationTests/Info.plist;
				IPHONEOS_DEPLOYMENT_TARGET = 13.2;
				LD_RUNPATH_SEARCH_PATHS = (
					"$(inherited)",
					"@executable_path/Frameworks",
					"@loader_path/Frameworks",
				);
				PRODUCT_BUNDLE_IDENTIFIER = "test.test-notificationTests";
				PRODUCT_NAME = "$(TARGET_NAME)";
				SWIFT_VERSION = 5.0;
				TARGETED_DEVICE_FAMILY = "1,2";
				TEST_HOST = "$(BUILT_PRODUCTS_DIR)/test_notification.app/test_notification";
			};
			name = Release;
		};
		DB8372FE23A7824800A65890 /* Debug */ = {
			isa = XCBuildConfiguration;
			buildSettings = {
				ALWAYS_EMBED_SWIFT_STANDARD_LIBRARIES = YES;
				CODE_SIGN_STYLE = Automatic;
				INFOPLIST_FILE = test_notificationUITests/Info.plist;
				LD_RUNPATH_SEARCH_PATHS = (
					"$(inherited)",
					"@executable_path/Frameworks",
					"@loader_path/Frameworks",
				);
				PRODUCT_BUNDLE_IDENTIFIER = "test.test-notificationUITests";
				PRODUCT_NAME = "$(TARGET_NAME)";
				SWIFT_VERSION = 5.0;
				TARGETED_DEVICE_FAMILY = "1,2";
				TEST_TARGET_NAME = test_notification;
			};
			name = Debug;
		};
		DB8372FF23A7824800A65890 /* Release */ = {
			isa = XCBuildConfiguration;
			buildSettings = {
				ALWAYS_EMBED_SWIFT_STANDARD_LIBRARIES = YES;
				CODE_SIGN_STYLE = Automatic;
				INFOPLIST_FILE = test_notificationUITests/Info.plist;
				LD_RUNPATH_SEARCH_PATHS = (
					"$(inherited)",
					"@executable_path/Frameworks",
					"@loader_path/Frameworks",
				);
				PRODUCT_BUNDLE_IDENTIFIER = "test.test-notificationUITests";
				PRODUCT_NAME = "$(TARGET_NAME)";
				SWIFT_VERSION = 5.0;
				TARGETED_DEVICE_FAMILY = "1,2";
				TEST_TARGET_NAME = test_notification;
			};
			name = Release;
		};
/* End XCBuildConfiguration section */

/* Begin XCConfigurationList section */
		DB8372C823A7824600A65890 /* Build configuration list for PBXProject "test_notification" */ = {
			isa = XCConfigurationList;
			buildConfigurations = (
				DB8372F523A7824800A65890 /* Debug */,
				DB8372F623A7824800A65890 /* Release */,
			);
			defaultConfigurationIsVisible = 0;
			defaultConfigurationName = Release;
		};
		DB8372F723A7824800A65890 /* Build configuration list for PBXNativeTarget "test_notification" */ = {
			isa = XCConfigurationList;
			buildConfigurations = (
				DB8372F823A7824800A65890 /* Debug */,
				DB8372F923A7824800A65890 /* Release */,
			);
			defaultConfigurationIsVisible = 0;
			defaultConfigurationName = Release;
		};
		DB8372FA23A7824800A65890 /* Build configuration list for PBXNativeTarget "test_notificationTests" */ = {
			isa = XCConfigurationList;
			buildConfigurations = (
				DB8372FB23A7824800A65890 /* Debug */,
				DB8372FC23A7824800A65890 /* Release */,
			);
			defaultConfigurationIsVisible = 0;
			defaultConfigurationName = Release;
		};
		DB8372FD23A7824800A65890 /* Build configuration list for PBXNativeTarget "test_notificationUITests" */ = {
			isa = XCConfigurationList;
			buildConfigurations = (
				DB8372FE23A7824800A65890 /* Debug */,
				DB8372FF23A7824800A65890 /* Release */,
			);
			defaultConfigurationIsVisible = 0;
			defaultConfigurationName = Release;
		};
/* End XCConfigurationList section */
	};
	rootObject = DB8372C523A7824600A65890 /* Project object */;
}
